
Microsoft Visual Studio Solution File, Format Version 12.00
# Visual Studio 2012
Project("{8BC9CEB8-8B4A-11D0-8D11-00A0C91BC942}") = "NSF_Scheduler", "NSF_Scheduler.vcxproj", "{D477051A-4A8B-415C-A7CE-0D15BD238515}"
EndProject
Global
	GlobalSection(SolutionConfigurationPlatforms) = preSolution
		Debug|Win32 = Debug|Win32
		Release|Win32 = Release|Win32
	EndGlobalSection
	GlobalSection(ProjectConfigurationPlatforms) = postSolution
		{D477051A-4A8B-415C-A7CE-0D15BD238515}.Debug|Win32.ActiveCfg = Debug|Win32
		{D477051A-4A8B-415C-A7CE-0D15BD238515}.Debug|Win32.Build.0 = Debug|Win32
		{D477051A-4A8B-415C-A7CE-0D15BD238515}.Release|Win32.ActiveCfg = Release|Win32
		{D477051A-4A8B-415C-A7CE-0D15BD238515}.Release|Win32.Build.0 = Release|Win32
	EndGlobalSection
	GlobalSection(SolutionProperties) = preSolution
		HideSolutionNode = FALSE
	EndGlobalSection
EndGlobal
